
Microsoft Visual Studio Solution File, Format Version 12.00
# Visual Studio Version 17
VisualStudioVersion = 17.5.33424.131
MinimumVisualStudioVersion = 10.0.40219.1
Project("{9A19103F-16F7-4668-BE54-9A1E7A4F7556}") = "UDPFlood.Flooder", "UDPFlood.Flooder\UDPFlood.Flooder.csproj", "{260F9AFF-C6FE-44D6-B528-E35774406447}"
EndProject
Project("{FAE04EC0-301F-11D3-BF4B-00C04F79EFBC}") = "UDPFlood.UDPWorker", "UDPFlood.UDPWorker\UDPFlood.UDPWorker.csproj", "{CF9B1CAD-C7B6-4BAF-9DFD-FDAD069AB03C}"
EndProject
Global
	GlobalSection(SolutionConfigurationPlatforms) = preSolution
		Debug|Any CPU = Debug|Any CPU
		Release|Any CPU = Release|Any CPU
	EndGlobalSection
	GlobalSection(ProjectConfigurationPlatforms) = postSolution
		{260F9AFF-C6FE-44D6-B528-E35774406447}.Debug|Any CPU.ActiveCfg = Debug|Any CPU
		{260F9AFF-C6FE-44D6-B528-E35774406447}.Debug|Any CPU.Build.0 = Debug|Any CPU
		{260F9AFF-C6FE-44D6-B528-E35774406447}.Release|Any CPU.ActiveCfg = Release|Any CPU
		{260F9AFF-C6FE-44D6-B528-E35774406447}.Release|Any CPU.Build.0 = Release|Any CPU
		{CF9B1CAD-C7B6-4BAF-9DFD-FDAD069AB03C}.Debug|Any CPU.ActiveCfg = Debug|Any CPU
		{CF9B1CAD-C7B6-4BAF-9DFD-FDAD069AB03C}.Debug|Any CPU.Build.0 = Debug|Any CPU
		{CF9B1CAD-C7B6-4BAF-9DFD-FDAD069AB03C}.Release|Any CPU.ActiveCfg = Release|Any CPU
		{CF9B1CAD-C7B6-4BAF-9DFD-FDAD069AB03C}.Release|Any CPU.Build.0 = Release|Any CPU
	EndGlobalSection
	GlobalSection(SolutionProperties) = preSolution
		HideSolutionNode = FALSE
	EndGlobalSection
	GlobalSection(ExtensibilityGlobals) = postSolution
		SolutionGuid = {F4FD066A-0AFA-4C09-B480-CBDD542F164D}
	EndGlobalSection
EndGlobal
